
Microsoft Visual Studio Solution File, Format Version 12.00
# Visual Studio Version 17
VisualStudioVersion = 17.3.32825.248
MinimumVisualStudioVersion = 10.0.40219.1
Project("{FAE04EC0-301F-11D3-BF4B-00C04F79EFBC}") = "projektityö", "projektityö\projektityö.csproj", "{DFDFA4B6-FE9E-411C-A521-6FD90F71954B}"
EndProject
Global
	GlobalSection(SolutionConfigurationPlatforms) = preSolution
		Debug|Any CPU = Debug|Any CPU
		Release|Any CPU = Release|Any CPU
	EndGlobalSection
	GlobalSection(ProjectConfigurationPlatforms) = postSolution
		{DFDFA4B6-FE9E-411C-A521-6FD90F71954B}.Debug|Any CPU.ActiveCfg = Debug|Any CPU
		{DFDFA4B6-FE9E-411C-A521-6FD90F71954B}.Debug|Any CPU.Build.0 = Debug|Any CPU
		{DFDFA4B6-FE9E-411C-A521-6FD90F71954B}.Release|Any CPU.ActiveCfg = Release|Any CPU
		{DFDFA4B6-FE9E-411C-A521-6FD90F71954B}.Release|Any CPU.Build.0 = Release|Any CPU
	EndGlobalSection
	GlobalSection(SolutionProperties) = preSolution
		HideSolutionNode = FALSE
	EndGlobalSection
	GlobalSection(ExtensibilityGlobals) = postSolution
		SolutionGuid = {65ED1AA1-7190-47E5-B0E4-E57D81E2920F}
	EndGlobalSection
EndGlobal
