
Microsoft Visual Studio Solution File, Format Version 12.00
# Visual Studio Version 17
VisualStudioVersion = 17.3.32901.215
MinimumVisualStudioVersion = 10.0.40219.1
Project("{FAE04EC0-301F-11D3-BF4B-00C04F79EFBC}") = "LaskutusConsole", "LaskutusConsole\LaskutusConsole.csproj", "{7C523A47-274A-4355-B57E-DF5EB718CDCF}"
EndProject
Global
	GlobalSection(SolutionConfigurationPlatforms) = preSolution
		Debug|Any CPU = Debug|Any CPU
		Release|Any CPU = Release|Any CPU
	EndGlobalSection
	GlobalSection(ProjectConfigurationPlatforms) = postSolution
		{7C523A47-274A-4355-B57E-DF5EB718CDCF}.Debug|Any CPU.ActiveCfg = Debug|Any CPU
		{7C523A47-274A-4355-B57E-DF5EB718CDCF}.Debug|Any CPU.Build.0 = Debug|Any CPU
		{7C523A47-274A-4355-B57E-DF5EB718CDCF}.Release|Any CPU.ActiveCfg = Release|Any CPU
		{7C523A47-274A-4355-B57E-DF5EB718CDCF}.Release|Any CPU.Build.0 = Release|Any CPU
	EndGlobalSection
	GlobalSection(SolutionProperties) = preSolution
		HideSolutionNode = FALSE
	EndGlobalSection
	GlobalSection(ExtensibilityGlobals) = postSolution
		SolutionGuid = {8AD07972-69E3-4686-8E40-35F98039601C}
	EndGlobalSection
EndGlobal
